Microsoft Visual Studio Solution File, Format Version 12.00
# Visual Studio Version 17
VisualStudioVersion = 17.5.2.0
MinimumVisualStudioVersion = 10.0.40219.1
Project("{FAE04EC0-301F-11D3-BF4B-00C04F79EFBC}") = "CourseAcademi", "CourseAcademi\CourseAcademi.csproj", "{8ED50F13-0D81-A3F0-429F-8A6FC1C18EB4}"
EndProject
Global
	GlobalSection(SolutionConfigurationPlatforms) = preSolution
		Debug|Any CPU = Debug|Any CPU
		Release|Any CPU = Release|Any CPU
	EndGlobalSection
	GlobalSection(ProjectConfigurationPlatforms) = postSolution
		{8ED50F13-0D81-A3F0-429F-8A6FC1C18EB4}.Debug|Any CPU.ActiveCfg = Debug|Any CPU
		{8ED50F13-0D81-A3F0-429F-8A6FC1C18EB4}.Debug|Any CPU.Build.0 = Debug|Any CPU
		{8ED50F13-0D81-A3F0-429F-8A6FC1C18EB4}.Release|Any CPU.ActiveCfg = Release|Any CPU
		{8ED50F13-0D81-A3F0-429F-8A6FC1C18EB4}.Release|Any CPU.Build.0 = Release|Any CPU
	EndGlobalSection
	GlobalSection(SolutionProperties) = preSolution
		HideSolutionNode = FALSE
	EndGlobalSection
	GlobalSection(ExtensibilityGlobals) = postSolution
		SolutionGuid = {18624A50-3963-4846-B962-8BE25A193E7F}
	EndGlobalSection
EndGlobal
